
Microsoft Visual Studio Solution File, Format Version 12.00
# Visual Studio Version 17
VisualStudioVersion = 17.10.35013.160
MinimumVisualStudioVersion = 10.0.40219.1
Project("{FAE04EC0-301F-11D3-BF4B-00C04F79EFBC}") = "initialConsoleApp", "initialConsoleApp\initialConsoleApp.csproj", "{755EB297-49E5-4C70-BC2F-798A37EE36A8}"
EndProject
Project("{FAE04EC0-301F-11D3-BF4B-00C04F79EFBC}") = "secondConsoleApp", "ConsoleApp2\secondConsoleApp.csproj", "{357E24F7-71F0-4640-849F-10AE8FCAE9E4}"
EndProject
Global
	GlobalSection(SolutionConfigurationPlatforms) = preSolution
		Debug|Any CPU = Debug|Any CPU
		Release|Any CPU = Release|Any CPU
	EndGlobalSection
	GlobalSection(ProjectConfigurationPlatforms) = postSolution
		{755EB297-49E5-4C70-BC2F-798A37EE36A8}.Debug|Any CPU.ActiveCfg = Debug|Any CPU
		{755EB297-49E5-4C70-BC2F-798A37EE36A8}.Debug|Any CPU.Build.0 = Debug|Any CPU
		{755EB297-49E5-4C70-BC2F-798A37EE36A8}.Release|Any CPU.ActiveCfg = Release|Any CPU
		{755EB297-49E5-4C70-BC2F-798A37EE36A8}.Release|Any CPU.Build.0 = Release|Any CPU
		{357E24F7-71F0-4640-849F-10AE8FCAE9E4}.Debug|Any CPU.ActiveCfg = Debug|Any CPU
		{357E24F7-71F0-4640-849F-10AE8FCAE9E4}.Debug|Any CPU.Build.0 = Debug|Any CPU
		{357E24F7-71F0-4640-849F-10AE8FCAE9E4}.Release|Any CPU.ActiveCfg = Release|Any CPU
		{357E24F7-71F0-4640-849F-10AE8FCAE9E4}.Release|Any CPU.Build.0 = Release|Any CPU
	EndGlobalSection
	GlobalSection(SolutionProperties) = preSolution
		HideSolutionNode = FALSE
	EndGlobalSection
	GlobalSection(ExtensibilityGlobals) = postSolution
		SolutionGuid = {1445A00F-D74A-47C8-8DEE-FB518E047671}
	EndGlobalSection
EndGlobal
